
Microsoft Visual Studio Solution File, Format Version 12.00
# Visual Studio Version 17
VisualStudioVersion = 17.5.002.0
MinimumVisualStudioVersion = 10.0.40219.1
Project("{9A19103F-16F7-4668-BE54-9A1E7A4F7556}") = "DesafioProjetoHospedagem", "DesafioProjetoHospedagem.csproj", "{2236352E-DC93-4652-9BA7-A60856CF11F5}"
EndProject
Global
	GlobalSection(SolutionConfigurationPlatforms) = preSolution
		Debug|Any CPU = Debug|Any CPU
		Release|Any CPU = Release|Any CPU
	EndGlobalSection
	GlobalSection(ProjectConfigurationPlatforms) = postSolution
		{2236352E-DC93-4652-9BA7-A60856CF11F5}.Debug|Any CPU.ActiveCfg = Debug|Any CPU
		{2236352E-DC93-4652-9BA7-A60856CF11F5}.Debug|Any CPU.Build.0 = Debug|Any CPU
		{2236352E-DC93-4652-9BA7-A60856CF11F5}.Release|Any CPU.ActiveCfg = Release|Any CPU
		{2236352E-DC93-4652-9BA7-A60856CF11F5}.Release|Any CPU.Build.0 = Release|Any CPU
	EndGlobalSection
	GlobalSection(SolutionProperties) = preSolution
		HideSolutionNode = FALSE
	EndGlobalSection
	GlobalSection(ExtensibilityGlobals) = postSolution
		SolutionGuid = {5E025F20-B40D-4319-B3DE-7AD7B0D405EA}
	EndGlobalSection
EndGlobal
